
Microsoft Visual Studio Solution File, Format Version 11.00
# Visual Studio 2010
Project("{FAE04EC0-301F-11D3-BF4B-00C04F79EFBC}") = "Zigzag", "Assembly-CSharp.csproj", "{A5A908E0-96CB-3E3C-3EAA-960348B0F70B}"
EndProject
Project("{FAE04EC0-301F-11D3-BF4B-00C04F79EFBC}") = "Zigzag", "Assembly-CSharp-Editor.csproj", "{14F26C96-5B3F-7A88-8591-DD1D9803AE57}"
EndProject
Global
	GlobalSection(SolutionConfigurationPlatforms) = preSolution
		Debug|Any CPU = Debug|Any CPU
		Release|Any CPU = Release|Any CPU
	EndGlobalSection
	GlobalSection(ProjectConfigurationPlatforms) = postSolution
		{A5A908E0-96CB-3E3C-3EAA-960348B0F70B}.Debug|Any CPU.ActiveCfg = Debug|Any CPU
		{A5A908E0-96CB-3E3C-3EAA-960348B0F70B}.Debug|Any CPU.Build.0 = Debug|Any CPU
		{A5A908E0-96CB-3E3C-3EAA-960348B0F70B}.Release|Any CPU.ActiveCfg = Release|Any CPU
		{A5A908E0-96CB-3E3C-3EAA-960348B0F70B}.Release|Any CPU.Build.0 = Release|Any CPU
		{14F26C96-5B3F-7A88-8591-DD1D9803AE57}.Debug|Any CPU.ActiveCfg = Debug|Any CPU
		{14F26C96-5B3F-7A88-8591-DD1D9803AE57}.Debug|Any CPU.Build.0 = Debug|Any CPU
		{14F26C96-5B3F-7A88-8591-DD1D9803AE57}.Release|Any CPU.ActiveCfg = Release|Any CPU
		{14F26C96-5B3F-7A88-8591-DD1D9803AE57}.Release|Any CPU.Build.0 = Release|Any CPU
	EndGlobalSection
	GlobalSection(SolutionProperties) = preSolution
		HideSolutionNode = FALSE
	EndGlobalSection
	GlobalSection(MonoDevelopProperties) = preSolution
		StartupItem = Assembly-CSharp.csproj
	EndGlobalSection
EndGlobal
